
Microsoft Visual Studio Solution File, Format Version 12.00
# Visual Studio Version 17
VisualStudioVersion = 17.4.33213.308
MinimumVisualStudioVersion = 10.0.40219.1
Project("{FAE04EC0-301F-11D3-BF4B-00C04F79EFBC}") = "School", "School.csproj", "{AF69D400-F79A-4762-ADD0-A946202EDFC4}"
EndProject
Project("{FAE04EC0-301F-11D3-BF4B-00C04F79EFBC}") = "School.DAL", "..\School.DAL\School.DAL.csproj", "{DAE74F28-1682-4440-B672-75F87B6B7A77}"
EndProject
Global
	GlobalSection(SolutionConfigurationPlatforms) = preSolution
		Debug|Any CPU = Debug|Any CPU
		Release|Any CPU = Release|Any CPU
	EndGlobalSection
	GlobalSection(ProjectConfigurationPlatforms) = postSolution
		{AF69D400-F79A-4762-ADD0-A946202EDFC4}.Debug|Any CPU.ActiveCfg = Debug|Any CPU
		{AF69D400-F79A-4762-ADD0-A946202EDFC4}.Debug|Any CPU.Build.0 = Debug|Any CPU
		{AF69D400-F79A-4762-ADD0-A946202EDFC4}.Release|Any CPU.ActiveCfg = Release|Any CPU
		{AF69D400-F79A-4762-ADD0-A946202EDFC4}.Release|Any CPU.Build.0 = Release|Any CPU
		{DAE74F28-1682-4440-B672-75F87B6B7A77}.Debug|Any CPU.ActiveCfg = Debug|Any CPU
		{DAE74F28-1682-4440-B672-75F87B6B7A77}.Debug|Any CPU.Build.0 = Debug|Any CPU
		{DAE74F28-1682-4440-B672-75F87B6B7A77}.Release|Any CPU.ActiveCfg = Release|Any CPU
		{DAE74F28-1682-4440-B672-75F87B6B7A77}.Release|Any CPU.Build.0 = Release|Any CPU
	EndGlobalSection
	GlobalSection(SolutionProperties) = preSolution
		HideSolutionNode = FALSE
	EndGlobalSection
	GlobalSection(ExtensibilityGlobals) = postSolution
		SolutionGuid = {1709063A-6C49-4A64-AE18-7A1329AE3ED1}
	EndGlobalSection
EndGlobal
